// !$*UTF8*$!
{
	archiveVersion = 1;
	classes = {
	};
	objectVersion = 55;
	objects = {

/* Begin PBXBuildFile section */
		04B8B2E328EAAF5D0076BD75 /* AppDelegate.swift in Sources */ = {isa = PBXBuildFile; fileRef = 04B8B2E228EAAF5D0076BD75 /* AppDelegate.swift */; };
		04B8B2E528EAAF5D0076BD75 /* SceneDelegate.swift in Sources */ = {isa = PBXBuildFile; fileRef = 04B8B2E428EAAF5D0076BD75 /* SceneDelegate.swift */; };
		04B8B2EC28EAAF5F0076BD75 /* Assets.xcassets in Resources */ = {isa = PBXBuildFile; fileRef = 04B8B2EB28EAAF5F0076BD75 /* Assets.xcassets */; };
		04B8B2EF28EAAF5F0076BD75 /* LaunchScreen.storyboard in Resources */ = {isa = PBXBuildFile; fileRef = 04B8B2ED28EAAF5F0076BD75 /* LaunchScreen.storyboard */; };
		04B8B2FD28EAB0750076BD75 /* FoodRecipe.storyboard in Resources */ = {isa = PBXBuildFile; fileRef = 04B8B2FC28EAB0750076BD75 /* FoodRecipe.storyboard */; };
		04B8B2FF28EAB7650076BD75 /* FoodRecipeListViewController.swift in Sources */ = {isa = PBXBuildFile; fileRef = 04B8B2FE28EAB7650076BD75 /* FoodRecipeListViewController.swift */; };
		04B8B30128EAB8990076BD75 /* FoodRecipeViewCell.swift in Sources */ = {isa = PBXBuildFile; fileRef = 04B8B30028EAB8990076BD75 /* FoodRecipeViewCell.swift */; };
		04B8B30328EABEE60076BD75 /* FoodRecipe.swift in Sources */ = {isa = PBXBuildFile; fileRef = 04B8B30228EABEE60076BD75 /* FoodRecipe.swift */; };
		04B8B30528EAE9460076BD75 /* FoodRecipeDetailViewController.swift in Sources */ = {isa = PBXBuildFile; fileRef = 04B8B30428EAE9460076BD75 /* FoodRecipeDetailViewController.swift */; };
/* End PBXBuildFile section */

/* Begin PBXFileReference section */
		04B8B2DF28EAAF5D0076BD75 /* FoodRecipes.app */ = {isa = PBXFileReference; explicitFileType = wrapper.application; includeInIndex = 0; path = FoodRecipes.app; sourceTree = BUILT_PRODUCTS_DIR; };
		04B8B2E228EAAF5D0076BD75 /* AppDelegate.swift */ = {isa = PBXFileReference; lastKnownFileType = sourcecode.swift; path = AppDelegate.swift; sourceTree = "<group>"; };
		04B8B2E428EAAF5D0076BD75 /* SceneDelegate.swift */ = {isa = PBXFileReference; lastKnownFileType = sourcecode.swift; path = SceneDelegate.swift; sourceTree = "<group>"; };
		04B8B2EB28EAAF5F0076BD75 /* Assets.xcassets */ = {isa = PBXFileReference; lastKnownFileType = folder.assetcatalog; path = Assets.xcassets; sourceTree = "<group>"; };
		04B8B2EE28EAAF5F0076BD75 /* Base */ = {isa = PBXFileReference; lastKnownFileType = file.storyboard; name = Base; path = Base.lproj/LaunchScreen.storyboard; sourceTree = "<group>"; };
		04B8B2F028EAAF5F0076BD75 /* Info.plist */ = {isa = PBXFileReference; lastKnownFileType = text.plist.xml; path = Info.plist; sourceTree = "<group>"; };
		04B8B2FC28EAB0750076BD75 /* FoodRecipe.storyboard */ = {isa = PBXFileReference; lastKnownFileType = file.storyboard; path = FoodRecipe.storyboard; sourceTree = "<group>"; };
		04B8B2FE28EAB7650076BD75 /* FoodRecipeListViewController.swift */ = {isa = PBXFileReference; lastKnownFileType = sourcecode.swift; path = FoodRecipeListViewController.swift; sourceTree = "<group>"; };
		04B8B30028EAB8990076BD75 /* FoodRecipeViewCell.swift */ = {isa = PBXFileReference; lastKnownFileType = sourcecode.swift; path = FoodRecipeViewCell.swift; sourceTree = "<group>"; };
		04B8B30228EABEE60076BD75 /* FoodRecipe.swift */ = {isa = PBXFileReference; lastKnownFileType = sourcecode.swift; path = FoodRecipe.swift; sourceTree = "<group>"; };
		04B8B30428EAE9460076BD75 /* FoodRecipeDetailViewController.swift */ = {isa = PBXFileReference; lastKnownFileType = sourcecode.swift; path = FoodRecipeDetailViewController.swift; sourceTree = "<group>"; };
/* End PBXFileReference section */

/* Begin PBXFrameworksBuildPhase section */
		04B8B2DC28EAAF5D0076BD75 /* Frameworks */ = {
			isa = PBXFrameworksBuildPhase;
			buildActionMask = 2147483647;
			files = (
			);
			runOnlyForDeploymentPostprocessing = 0;
		};
/* End PBXFrameworksBuildPhase section */

/* Begin PBXGroup section */
		04B8B2D628EAAF5D0076BD75 = {
			isa = PBXGroup;
			children = (
				04B8B2E128EAAF5D0076BD75 /* FoodRecipes */,
				04B8B2E028EAAF5D0076BD75 /* Products */,
			);
			sourceTree = "<group>";
		};
		04B8B2E028EAAF5D0076BD75 /* Products */ = {
			isa = PBXGroup;
			children = (
				04B8B2DF28EAAF5D0076BD75 /* FoodRecipes.app */,
			);
			name = Products;
			sourceTree = "<group>";
		};
		04B8B2E128EAAF5D0076BD75 /* FoodRecipes */ = {
			isa = PBXGroup;
			children = (
				04B8B2F728EAAFB40076BD75 /* App */,
				04B8B2F628EAAF960076BD75 /* Modules */,
				04B8B2EB28EAAF5F0076BD75 /* Assets.xcassets */,
				04B8B2ED28EAAF5F0076BD75 /* LaunchScreen.storyboard */,
				04B8B2F028EAAF5F0076BD75 /* Info.plist */,
			);
			path = FoodRecipes;
			sourceTree = "<group>";
		};
		04B8B2F628EAAF960076BD75 /* Modules */ = {
			isa = PBXGroup;
			children = (
				04B8B2F828EAAFCA0076BD75 /* RecipeList */,
			);
			path = Modules;
			sourceTree = "<group>";
		};
		04B8B2F728EAAFB40076BD75 /* App */ = {
			isa = PBXGroup;
			children = (
				04B8B2E228EAAF5D0076BD75 /* AppDelegate.swift */,
				04B8B2E428EAAF5D0076BD75 /* SceneDelegate.swift */,
			);
			path = App;
			sourceTree = "<group>";
		};
		04B8B2F828EAAFCA0076BD75 /* RecipeList */ = {
			isa = PBXGroup;
			children = (
				04B8B2FB28EAAFF90076BD75 /* Controller */,
				04B8B2FA28EAAFF20076BD75 /* View */,
				04B8B2F928EAAFE60076BD75 /* Model */,
			);
			path = RecipeList;
			sourceTree = "<group>";
		};
		04B8B2F928EAAFE60076BD75 /* Model */ = {
			isa = PBXGroup;
			children = (
				04B8B30228EABEE60076BD75 /* FoodRecipe.swift */,
			);
			path = Model;
			sourceTree = "<group>";
		};
		04B8B2FA28EAAFF20076BD75 /* View */ = {
			isa = PBXGroup;
			children = (
				04B8B2FC28EAB0750076BD75 /* FoodRecipe.storyboard */,
				04B8B30028EAB8990076BD75 /* FoodRecipeViewCell.swift */,
			);
			path = View;
			sourceTree = "<group>";
		};
		04B8B2FB28EAAFF90076BD75 /* Controller */ = {
			isa = PBXGroup;
			children = (
				04B8B2FE28EAB7650076BD75 /* FoodRecipeListViewController.swift */,
				04B8B30428EAE9460076BD75 /* FoodRecipeDetailViewController.swift */,
			);
			path = Controller;
			sourceTree = "<group>";
		};
/* End PBXGroup section */

/* Begin PBXNativeTarget section */
		04B8B2DE28EAAF5D0076BD75 /* FoodRecipes */ = {
			isa = PBXNativeTarget;
			buildConfigurationList = 04B8B2F328EAAF5F0076BD75 /* Build configuration list for PBXNativeTarget "FoodRecipes" */;
			buildPhases = (
				04B8B2DB28EAAF5D0076BD75 /* Sources */,
				04B8B2DC28EAAF5D0076BD75 /* Frameworks */,
				04B8B2DD28EAAF5D0076BD75 /* Resources */,
			);
			buildRules = (
			);
			dependencies = (
			);
			name = FoodRecipes;
			productName = FoodRecipes;
			productReference = 04B8B2DF28EAAF5D0076BD75 /* FoodRecipes.app */;
			productType = "com.apple.product-type.application";
		};
/* End PBXNativeTarget section */

/* Begin PBXProject section */
		04B8B2D728EAAF5D0076BD75 /* Project object */ = {
			isa = PBXProject;
			attributes = {
				BuildIndependentTargetsInParallel = 1;
				LastSwiftUpdateCheck = 1320;
				LastUpgradeCheck = 1320;
				TargetAttributes = {
					04B8B2DE28EAAF5D0076BD75 = {
						CreatedOnToolsVersion = 13.2.1;
					};
				};
			};
			buildConfigurationList = 04B8B2DA28EAAF5D0076BD75 /* Build configuration list for PBXProject "FoodRecipes" */;
			compatibilityVersion = "Xcode 13.0";
			developmentRegion = en;
			hasScannedForEncodings = 0;
			knownRegions = (
				en,
				Base,
			);
			mainGroup = 04B8B2D628EAAF5D0076BD75;
			productRefGroup = 04B8B2E028EAAF5D0076BD75 /* Products */;
			projectDirPath = "";
			projectRoot = "";
			targets = (
				04B8B2DE28EAAF5D0076BD75 /* FoodRecipes */,
			);
		};
/* End PBXProject section */

/* Begin PBXResourcesBuildPhase section */
		04B8B2DD28EAAF5D0076BD75 /* Resources */ = {
			isa = PBXResourcesBuildPhase;
			buildActionMask = 2147483647;
			files = (
				04B8B2FD28EAB0750076BD75 /* FoodRecipe.storyboard in Resources */,
				04B8B2EF28EAAF5F0076BD75 /* LaunchScreen.storyboard in Resources */,
				04B8B2EC28EAAF5F0076BD75 /* Assets.xcassets in Resources */,
			);
			runOnlyForDeploymentPostprocessing = 0;
		};
/* End PBXResourcesBuildPhase section */

/* Begin PBXSourcesBuildPhase section */
		04B8B2DB28EAAF5D0076BD75 /* Sources */ = {
			isa = PBXSourcesBuildPhase;
			buildActionMask = 2147483647;
			files = (
				04B8B2E328EAAF5D0076BD75 /* AppDelegate.swift in Sources */,
				04B8B2FF28EAB7650076BD75 /* FoodRecipeListViewController.swift in Sources */,
				04B8B30128EAB8990076BD75 /* FoodRecipeViewCell.swift in Sources */,
				04B8B30528EAE9460076BD75 /* FoodRecipeDetailViewController.swift in Sources */,
				04B8B30328EABEE60076BD75 /* FoodRecipe.swift in Sources */,
				04B8B2E528EAAF5D0076BD75 /* SceneDelegate.swift in Sources */,
			);
			runOnlyForDeploymentPostprocessing = 0;
		};
/* End PBXSourcesBuildPhase section */

/* Begin PBXVariantGroup section */
		04B8B2ED28EAAF5F0076BD75 /* LaunchScreen.storyboard */ = {
			isa = PBXVariantGroup;
			children = (
				04B8B2EE28EAAF5F0076BD75 /* Base */,
			);
			name = LaunchScreen.storyboard;
			sourceTree = "<group>";
		};
/* End PBXVariantGroup section */

/* Begin XCBuildConfiguration section */
		04B8B2F128EAAF5F0076BD75 /* Debug */ = {
			isa = XCBuildConfiguration;
			buildSettings = {
				ALWAYS_SEARCH_USER_PATHS = NO;
				CLANG_ANALYZER_NONNULL = YES;
				CLANG_ANALYZER_NUMBER_OBJECT_CONVERSION = YES_AGGRESSIVE;
				CLANG_CXX_LANGUAGE_STANDARD = "gnu++17";
				CLANG_CXX_LIBRARY = "libc++";
				CLANG_ENABLE_MODULES = YES;
				CLANG_ENABLE_OBJC_ARC = YES;
				CLANG_ENABLE_OBJC_WEAK = YES;
				CLANG_WARN_BLOCK_CAPTURE_AUTORELEASING = YES;
				CLANG_WARN_BOOL_CONVERSION = YES;
				CLANG_WARN_COMMA = YES;
				CLANG_WARN_CONSTANT_CONVERSION = YES;
				CLANG_WARN_DEPRECATED_OBJC_IMPLEMENTATIONS = YES;
				CLANG_WARN_DIRECT_OBJC_ISA_USAGE = YES_ERROR;
				CLANG_WARN_DOCUMENTATION_COMMENTS = YES;
				CLANG_WARN_EMPTY_BODY = YES;
				CLANG_WARN_ENUM_CONVERSION = YES;
				CLANG_WARN_INFINITE_RECURSION = YES;
				CLANG_WARN_INT_CONVERSION = YES;
				CLANG_WARN_NON_LITERAL_NULL_CONVERSION = YES;
				CLANG_WARN_OBJC_IMPLICIT_RETAIN_SELF = YES;
				CLANG_WARN_OBJC_LITERAL_CONVERSION = YES;
				CLANG_WARN_OBJC_ROOT_CLASS = YES_ERROR;
				CLANG_WARN_QUOTED_INCLUDE_IN_FRAMEWORK_HEADER = YES;
				CLANG_WARN_RANGE_LOOP_ANALYSIS = YES;
				CLANG_WARN_STRICT_PROTOTYPES = YES;
				CLANG_WARN_SUSPICIOUS_MOVE = YES;
				CLANG_WARN_UNGUARDED_AVAILABILITY = YES_AGGRESSIVE;
				CLANG_WARN_UNREACHABLE_CODE = YES;
				CLANG_WARN__DUPLICATE_METHOD_MATCH = YES;
				COPY_PHASE_STRIP = NO;
				DEBUG_INFORMATION_FORMAT = dwarf;
				ENABLE_STRICT_OBJC_MSGSEND = YES;
				ENABLE_TESTABILITY = YES;
				GCC_C_LANGUAGE_STANDARD = gnu11;
				GCC_DYNAMIC_NO_PIC = NO;
				GCC_NO_COMMON_BLOCKS = YES;
				GCC_OPTIMIZATION_LEVEL = 0;
				GCC_PREPROCESSOR_DEFINITIONS = (
					"DEBUG=1",
					"$(inherited)",
				);
				GCC_WARN_64_TO_32_BIT_CONVERSION = YES;
				GCC_WARN_ABOUT_RETURN_TYPE = YES_ERROR;
				GCC_WARN_UNDECLARED_SELECTOR = YES;
				GCC_WARN_UNINITIALIZED_AUTOS = YES_AGGRESSIVE;
				GCC_WARN_UNUSED_FUNCTION = YES;
				GCC_WARN_UNUSED_VARIABLE = YES;
				IPHONEOS_DEPLOYMENT_TARGET = 15.2;
				MTL_ENABLE_DEBUG_INFO = INCLUDE_SOURCE;
				MTL_FAST_MATH = YES;
				ONLY_ACTIVE_ARCH = YES;
				SDKROOT = iphoneos;
				SWIFT_ACTIVE_COMPILATION_CONDITIONS = DEBUG;
				SWIFT_OPTIMIZATION_LEVEL = "-Onone";
			};
			name = Debug;
		};
		04B8B2F228EAAF5F0076BD75 /* Release */ = {
			isa = XCBuildConfiguration;
			buildSettings = {
				ALWAYS_SEARCH_USER_PATHS = NO;
				CLANG_ANALYZER_NONNULL = YES;
				CLANG_ANALYZER_NUMBER_OBJECT_CONVERSION = YES_AGGRESSIVE;
				CLANG_CXX_LANGUAGE_STANDARD = "gnu++17";
				CLANG_CXX_LIBRARY = "libc++";
				CLANG_ENABLE_MODULES = YES;
				CLANG_ENABLE_OBJC_ARC = YES;
				CLANG_ENABLE_OBJC_WEAK = YES;
				CLANG_WARN_BLOCK_CAPTURE_AUTORELEASING = YES;
				CLANG_WARN_BOOL_CONVERSION = YES;
				CLANG_WARN_COMMA = YES;
				CLANG_WARN_CONSTANT_CONVERSION = YES;
				CLANG_WARN_DEPRECATED_OBJC_IMPLEMENTATIONS = YES;
				CLANG_WARN_DIRECT_OBJC_ISA_USAGE = YES_ERROR;
				CLANG_WARN_DOCUMENTATION_COMMENTS = YES;
				CLANG_WARN_EMPTY_BODY = YES;
				CLANG_WARN_ENUM_CONVERSION = YES;
				CLANG_WARN_INFINITE_RECURSION = YES;
				CLANG_WARN_INT_CONVERSION = YES;
				CLANG_WARN_NON_LITERAL_NULL_CONVERSION = YES;
				CLANG_WARN_OBJC_IMPLICIT_RETAIN_SELF = YES;
				CLANG_WARN_OBJC_LITERAL_CONVERSION = YES;
				CLANG_WARN_OBJC_ROOT_CLASS = YES_ERROR;
				CLANG_WARN_QUOTED_INCLUDE_IN_FRAMEWORK_HEADER = YES;
				CLANG_WARN_RANGE_LOOP_ANALYSIS = YES;
				CLANG_WARN_STRICT_PROTOTYPES = YES;
				CLANG_WARN_SUSPICIOUS_MOVE = YES;
				CLANG_WARN_UNGUARDED_AVAILABILITY = YES_AGGRESSIVE;
				CLANG_WARN_UNREACHABLE_CODE = YES;
				CLANG_WARN__DUPLICATE_METHOD_MATCH = YES;
				COPY_PHASE_STRIP = NO;
				DEBUG_INFORMATION_FORMAT = "dwarf-with-dsym";
				ENABLE_NS_ASSERTIONS = NO;
				ENABLE_STRICT_OBJC_MSGSEND = YES;
				GCC_C_LANGUAGE_STANDARD = gnu11;
				GCC_NO_COMMON_BLOCKS = YES;
				GCC_WARN_64_TO_32_BIT_CONVERSION = YES;
				GCC_WARN_ABOUT_RETURN_TYPE = YES_ERROR;
				GCC_WARN_UNDECLARED_SELECTOR = YES;
				GCC_WARN_UNINITIALIZED_AUTOS = YES_AGGRESSIVE;
				GCC_WARN_UNUSED_FUNCTION = YES;
				GCC_WARN_UNUSED_VARIABLE = YES;
				IPHONEOS_DEPLOYMENT_TARGET = 15.2;
				MTL_ENABLE_DEBUG_INFO = NO;
				MTL_FAST_MATH = YES;
				SDKROOT = iphoneos;
				SWIFT_COMPILATION_MODE = wholemodule;
				SWIFT_OPTIMIZATION_LEVEL = "-O";
				VALIDATE_PRODUCT = YES;
			};
			name = Release;
		};
		04B8B2F428EAAF5F0076BD75 /* Debug */ = {
			isa = XCBuildConfiguration;
			buildSettings = {
				ASSETCATALOG_COMPILER_APPICON_NAME = AppIcon;
				ASSETCATALOG_COMPILER_GLOBAL_ACCENT_COLOR_NAME = AccentColor;
				CODE_SIGN_STYLE = Automatic;
				CURRENT_PROJECT_VERSION = 1;
				DEVELOPMENT_TEAM = H483TM3N88;
				GENERATE_INFOPLIST_FILE = YES;
				INFOPLIST_FILE = FoodRecipes/Info.plist;
				INFOPLIST_KEY_UIApplicationSupportsIndirectInputEvents = YES;
				INFOPLIST_KEY_UILaunchStoryboardName = LaunchScreen;
				INFOPLIST_KEY_UIMainStoryboardFile = FoodRecipe;
				INFOPLIST_KEY_UISupportedInterfaceOrientations_iPad = "UIInterfaceOrientationPortrait UIInterfaceOrientationPortraitUpsideDown UIInterfaceOrientationLandscapeLeft UIInterfaceOrientationLandscapeRight";
				INFOPLIST_KEY_UISupportedInterfaceOrientations_iPhone = "UIInterfaceOrientationPortrait UIInterfaceOrientationLandscapeLeft UIInterfaceOrientationLandscapeRight";
				LD_RUNPATH_SEARCH_PATHS = (
					"$(inherited)",
					"@executable_path/Frameworks",
				);
				MARKETING_VERSION = 1.0;
				PRODUCT_BUNDLE_IDENTIFIER = com.aldybuana.FoodRecipes;
				PRODUCT_NAME = "$(TARGET_NAME)";
				SWIFT_EMIT_LOC_STRINGS = YES;
				SWIFT_VERSION = 5.0;
				TARGETED_DEVICE_FAMILY = "1,2";
			};
			name = Debug;
		};
		04B8B2F528EAAF5F0076BD75 /* Release */ = {
			isa = XCBuildConfiguration;
			buildSettings = {
				ASSETCATALOG_COMPILER_APPICON_NAME = AppIcon;
				ASSETCATALOG_COMPILER_GLOBAL_ACCENT_COLOR_NAME = AccentColor;
				CODE_SIGN_STYLE = Automatic;
				CURRENT_PROJECT_VERSION = 1;
				DEVELOPMENT_TEAM = H483TM3N88;
				GENERATE_INFOPLIST_FILE = YES;
				INFOPLIST_FILE = FoodRecipes/Info.plist;
				INFOPLIST_KEY_UIApplicationSupportsIndirectInputEvents = YES;
				INFOPLIST_KEY_UILaunchStoryboardName = LaunchScreen;
				INFOPLIST_KEY_UIMainStoryboardFile = FoodRecipe;
				INFOPLIST_KEY_UISupportedInterfaceOrientations_iPad = "UIInterfaceOrientationPortrait UIInterfaceOrientationPortraitUpsideDown UIInterfaceOrientationLandscapeLeft UIInterfaceOrientationLandscapeRight";
				INFOPLIST_KEY_UISupportedInterfaceOrientations_iPhone = "UIInterfaceOrientationPortrait UIInterfaceOrientationLandscapeLeft UIInterfaceOrientationLandscapeRight";
				LD_RUNPATH_SEARCH_PATHS = (
					"$(inherited)",
					"@executable_path/Frameworks",
				);
				MARKETING_VERSION = 1.0;
				PRODUCT_BUNDLE_IDENTIFIER = com.aldybuana.FoodRecipes;
				PRODUCT_NAME = "$(TARGET_NAME)";
				SWIFT_EMIT_LOC_STRINGS = YES;
				SWIFT_VERSION = 5.0;
				TARGETED_DEVICE_FAMILY = "1,2";
			};
			name = Release;
		};
/* End XCBuildConfiguration section */

/* Begin XCConfigurationList section */
		04B8B2DA28EAAF5D0076BD75 /* Build configuration list for PBXProject "FoodRecipes" */ = {
			isa = XCConfigurationList;
			buildConfigurations = (
				04B8B2F128EAAF5F0076BD75 /* Debug */,
				04B8B2F228EAAF5F0076BD75 /* Release */,
			);
			defaultConfigurationIsVisible = 0;
			defaultConfigurationName = Release;
		};
		04B8B2F328EAAF5F0076BD75 /* Build configuration list for PBXNativeTarget "FoodRecipes" */ = {
			isa = XCConfigurationList;
			buildConfigurations = (
				04B8B2F428EAAF5F0076BD75 /* Debug */,
				04B8B2F528EAAF5F0076BD75 /* Release */,
			);
			defaultConfigurationIsVisible = 0;
			defaultConfigurationName = Release;
		};
/* End XCConfigurationList section */
	};
	rootObject = 04B8B2D728EAAF5D0076BD75 /* Project object */;
}
